{
  "name": "django festival playlist",
  "lockfileVersion": 3,
  "requires": true,
  "packages": {
    "": {
      "dependencies": {
        "@picocss/pico": "^2.0.0-rc4"
      }
    },
    "node_modules/@picocss/pico": {
      "version": "2.0.0-rc4",
      "resolved": "https://registry.npmjs.org/@picocss/pico/-/pico-2.0.0-rc4.tgz",
      "integrity": "sha512-tiDdkvIOUlO8FDOihhHMRY0phOQAsIeIRqF/aoO0npvFhSxK9ICvez/7Vqzc+Ixz8MXD/9fpKc9eGS2k0slqDQ==",
      "engines": {
        "node": ">=18.19.0"
      }
    }
  }
}
